
Microsoft Visual Studio Solution File, Format Version 12.00
# Visual Studio Version 17
VisualStudioVersion = 17.5.33502.453
MinimumVisualStudioVersion = 10.0.40219.1
Project("{FAE04EC0-301F-11D3-BF4B-00C04F79EFBC}") = "ChellengeApp", "ChellengeApp\ChellengeApp.csproj", "{1AF1A7EF-9AB7-47DF-A9BC-480AD07428E2}"
EndProject
Global
	GlobalSection(SolutionConfigurationPlatforms) = preSolution
		Debug|Any CPU = Debug|Any CPU
		Release|Any CPU = Release|Any CPU
	EndGlobalSection
	GlobalSection(ProjectConfigurationPlatforms) = postSolution
		{1AF1A7EF-9AB7-47DF-A9BC-480AD07428E2}.Debug|Any CPU.ActiveCfg = Debug|Any CPU
		{1AF1A7EF-9AB7-47DF-A9BC-480AD07428E2}.Debug|Any CPU.Build.0 = Debug|Any CPU
		{1AF1A7EF-9AB7-47DF-A9BC-480AD07428E2}.Release|Any CPU.ActiveCfg = Release|Any CPU
		{1AF1A7EF-9AB7-47DF-A9BC-480AD07428E2}.Release|Any CPU.Build.0 = Release|Any CPU
	EndGlobalSection
	GlobalSection(SolutionProperties) = preSolution
		HideSolutionNode = FALSE
	EndGlobalSection
	GlobalSection(ExtensibilityGlobals) = postSolution
		SolutionGuid = {4A92C7C7-F56B-4C14-A0AF-E26BE4F7AE94}
	EndGlobalSection
EndGlobal
